
Microsoft Visual Studio Solution File, Format Version 12.00
# Visual Studio 2013
VisualStudioVersion = 12.0.30110.0
MinimumVisualStudioVersion = 10.0.40219.1
Project("{FAE04EC0-301F-11D3-BF4B-00C04F79EFBC}") = "Tt.Framework", "Tt.Framework\Tt.Framework.csproj", "{3810FF1E-B03F-42BE-8ACA-306E59B18CD9}"
EndProject
Project("{FAE04EC0-301F-11D3-BF4B-00C04F79EFBC}") = "Tt.Rest", "Tt.Rest\Tt.Rest.csproj", "{3CCA68D7-0D24-4E10-B4C9-2BD6931A3DCD}"
EndProject
Global
	GlobalSection(SolutionConfigurationPlatforms) = preSolution
		Debug|Any CPU = Debug|Any CPU
		Release|Any CPU = Release|Any CPU
	EndGlobalSection
	GlobalSection(ProjectConfigurationPlatforms) = postSolution
		{3810FF1E-B03F-42BE-8ACA-306E59B18CD9}.Debug|Any CPU.ActiveCfg = Debug|Any CPU
		{3810FF1E-B03F-42BE-8ACA-306E59B18CD9}.Debug|Any CPU.Build.0 = Debug|Any CPU
		{3810FF1E-B03F-42BE-8ACA-306E59B18CD9}.Release|Any CPU.ActiveCfg = Release|Any CPU
		{3810FF1E-B03F-42BE-8ACA-306E59B18CD9}.Release|Any CPU.Build.0 = Release|Any CPU
		{3CCA68D7-0D24-4E10-B4C9-2BD6931A3DCD}.Debug|Any CPU.ActiveCfg = Debug|Any CPU
		{3CCA68D7-0D24-4E10-B4C9-2BD6931A3DCD}.Debug|Any CPU.Build.0 = Debug|Any CPU
		{3CCA68D7-0D24-4E10-B4C9-2BD6931A3DCD}.Release|Any CPU.ActiveCfg = Release|Any CPU
		{3CCA68D7-0D24-4E10-B4C9-2BD6931A3DCD}.Release|Any CPU.Build.0 = Release|Any CPU
	EndGlobalSection
	GlobalSection(SolutionProperties) = preSolution
		HideSolutionNode = FALSE
	EndGlobalSection
EndGlobal
